<?xml version="1.0" encoding="utf-8"?>
<Project ToolsVersion="14.0" xmlns="http://schemas.microsoft.com/developer/msbuild/2003">
  <ItemGroup>
    <Filter Include="Resource Files">
      <UniqueIdentifier>{67DA6AB6-F800-4c08-8B7A-83BB121AAD01}</UniqueIdentifier>
      <Extensions>rc;ico;cur;bmp;dlg;rc2;rct;bin;rgs;gif;jpg;jpeg;jpe;resx;tga;tiff;tif;png;wav;mfcribbon-ms</Extensions>
    </Filter>
    <Filter Include="Header Files">
      <UniqueIdentifier>{2423fb16-5aee-4d6b-86f5-8d63caa61e40}</UniqueIdentifier>
      <Extensions>h;hpp;hxx;hm;inl</Extensions>
    </Filter>
    <Filter Include="Source Files">
      <UniqueIdentifier>{17c43d08-6bea-4ad8-859b-c563cca5adc9}</UniqueIdentifier>
      <Extensions>cpp;c;cxx;rc;def;r;odl;idl;hpj;bat</Extensions>
    </Filter>
  </ItemGroup>
  <ItemGroup>
    <ClCompile Include="BlowFish.cpp">
      <Filter>Source Files</Filter>
    </ClCompile>
    <ClCompile Include="Item.cpp">
      <Filter>Source Files</Filter>
    </ClCompile>
    <ClCompile Include="ItemAtt.cpp">
      <Filter>Source Files</Filter>
    </ClCompile>
    <ClCompile Include="ItemData.cpp">
      <Filter>Source Files</Filter>
    </ClCompile>
    <ClCompile Include="ItemField.cpp">
      <Filter>Source Files</Filter>
    </ClCompile>
    <ClCompile Include="KeyWrap.cpp">
      <Filter>Source Files</Filter>
    </ClCompile>
    <ClCompile Include="pch.cpp">
      <Filter>Source Files</Filter>
    </ClCompile>
    <ClCompile Include="PWScore.cpp">
      <Filter>Source Files</Filter>
    </ClCompile>
    <ClCompile Include="PWSfile.cpp">
      <Filter>Source Files</Filter>
    </ClCompile>
    <ClCompile Include="PWSfileHeader.cpp">
      <Filter>Source Files</Filter>
    </ClCompile>
    <ClCompile Include="PWSfileV3.cpp">
      <Filter>Source Files</Filter>
    </ClCompile>
    <ClCompile Include="PWSrand.cpp">
      <Filter>Source Files</Filter>
    </ClCompile>
    <ClCompile Include="sha1.cpp">
      <Filter>Source Files</Filter>
    </ClCompile>
    <ClCompile Include="sha256.cpp">
      <Filter>Source Files</Filter>
    </ClCompile>
    <ClCompile Include="StringX.cpp">
      <Filter>Source Files</Filter>
    </ClCompile>
    <ClCompile Include="TwoFish.cpp">
      <Filter>Source Files</Filter>
    </ClCompile>
    <ClCompile Include="UnknownField.cpp">
      <Filter>Source Files</Filter>
    </ClCompile>
    <ClCompile Include="UTF8Conv.cpp">
      <Filter>Source Files</Filter>
    </ClCompile>
    <ClCompile Include="Util.cpp">
      <Filter>Source Files</Filter>
    </ClCompile>
  </ItemGroup>
  <ItemGroup>
    <ClInclude Include="BlowFish.h">
      <Filter>Header Files</Filter>
    </ClInclude>
    <ClInclude Include="coredefs.h">
      <Filter>Header Files</Filter>
    </ClInclude>
    <ClInclude Include="Fish.h">
      <Filter>Header Files</Filter>
    </ClInclude>
    <ClInclude Include="hmac.h">
      <Filter>Header Files</Filter>
    </ClInclude>
    <ClInclude Include="Item.h">
      <Filter>Header Files</Filter>
    </ClInclude>
    <ClInclude Include="ItemAtt.h">
      <Filter>Header Files</Filter>
    </ClInclude>
    <ClInclude Include="ItemData.h">
      <Filter>Header Files</Filter>
    </ClInclude>
    <ClInclude Include="ItemField.h">
      <Filter>Header Files</Filter>
    </ClInclude>
    <ClInclude Include="KeyWrap.h">
      <Filter>Header Files</Filter>
    </ClInclude>
    <ClInclude Include="pch.h">
      <Filter>Header Files</Filter>
    </ClInclude>
    <ClInclude Include="Proxy.h">
      <Filter>Header Files</Filter>
    </ClInclude>
    <ClInclude Include="PWScore.h">
      <Filter>Header Files</Filter>
    </ClInclude>
    <ClInclude Include="PWSfile.h">
      <Filter>Header Files</Filter>
    </ClInclude>
    <ClInclude Include="PWSfileHeader.h">
      <Filter>Header Files</Filter>
    </ClInclude>
    <ClInclude Include="PWSfileV3.h">
      <Filter>Header Files</Filter>
    </ClInclude>
    <ClInclude Include="PwsPlatform.h">
      <Filter>Header Files</Filter>
    </ClInclude>
    <ClInclude Include="PWSrand.h">
      <Filter>Header Files</Filter>
    </ClInclude>
    <ClInclude Include="sha1.h">
      <Filter>Header Files</Filter>
    </ClInclude>
    <ClInclude Include="sha256.h">
      <Filter>Header Files</Filter>
    </ClInclude>
    <ClInclude Include="StringX.h">
      <Filter>Header Files</Filter>
    </ClInclude>
    <ClInclude Include="StringXStream.h">
      <Filter>Header Files</Filter>
    </ClInclude>
    <ClInclude Include="targetver.h">
      <Filter>Header Files</Filter>
    </ClInclude>
    <ClInclude Include="TwoFish.h">
      <Filter>Header Files</Filter>
    </ClInclude>
    <ClInclude Include="UIinterface.h">
      <Filter>Header Files</Filter>
    </ClInclude>
    <ClInclude Include="UnknownField.h">
      <Filter>Header Files</Filter>
    </ClInclude>
    <ClInclude Include="UTF8Conv.h">
      <Filter>Header Files</Filter>
    </ClInclude>
    <ClInclude Include="Util.h">
      <Filter>Header Files</Filter>
    </ClInclude>
  </ItemGroup>
</Project>